// !$*UTF8*$!
{
	archiveVersion = 1;
	classes = {
	};
	objectVersion = 56;
	objects = {

/* Begin PBXBuildFile section */
		FA0DC3FF29773AFE00194235 /* RMCharacterGender.swift in Sources */ = {isa = PBXBuildFile; fileRef = FA0DC3FE29773AFE00194235 /* RMCharacterGender.swift */; };
		FA0DC40129773B3A00194235 /* RMCharacterStatus.swift in Sources */ = {isa = PBXBuildFile; fileRef = FA0DC40029773B3A00194235 /* RMCharacterStatus.swift */; };
		FA0DC40329773B5700194235 /* RMCharacterOrigin.swift in Sources */ = {isa = PBXBuildFile; fileRef = FA0DC40229773B5700194235 /* RMCharacterOrigin.swift */; };
		FA0DC40529773B6A00194235 /* RMCharacterLocation.swift in Sources */ = {isa = PBXBuildFile; fileRef = FA0DC40429773B6A00194235 /* RMCharacterLocation.swift */; };
		FA51824D29599FD300284F30 /* AppDelegate.swift in Sources */ = {isa = PBXBuildFile; fileRef = FA51824C29599FD300284F30 /* AppDelegate.swift */; };
		FA51824F29599FD300284F30 /* SceneDelegate.swift in Sources */ = {isa = PBXBuildFile; fileRef = FA51824E29599FD300284F30 /* SceneDelegate.swift */; };
		FA51825129599FD300284F30 /* RMTabBarController.swift in Sources */ = {isa = PBXBuildFile; fileRef = FA51825029599FD300284F30 /* RMTabBarController.swift */; };
		FA51825629599FD600284F30 /* Assets.xcassets in Resources */ = {isa = PBXBuildFile; fileRef = FA51825529599FD600284F30 /* Assets.xcassets */; };
		FA51825929599FD600284F30 /* LaunchScreen.storyboard in Resources */ = {isa = PBXBuildFile; fileRef = FA51825729599FD600284F30 /* LaunchScreen.storyboard */; };
		FA5182682959A2F900284F30 /* RMLocation.swift in Sources */ = {isa = PBXBuildFile; fileRef = FA5182672959A2F900284F30 /* RMLocation.swift */; };
		FA51826A2959A30400284F30 /* RMCharacter.swift in Sources */ = {isa = PBXBuildFile; fileRef = FA5182692959A30400284F30 /* RMCharacter.swift */; };
		FA51826C2959A31300284F30 /* RMEpisode.swift in Sources */ = {isa = PBXBuildFile; fileRef = FA51826B2959A31300284F30 /* RMEpisode.swift */; };
		FA51826F2959A3EB00284F30 /* RMCharacterViewController.swift in Sources */ = {isa = PBXBuildFile; fileRef = FA51826E2959A3EB00284F30 /* RMCharacterViewController.swift */; };
		FA5182712959A3F900284F30 /* RMLocationViewController.swift in Sources */ = {isa = PBXBuildFile; fileRef = FA5182702959A3F900284F30 /* RMLocationViewController.swift */; };
		FA5182732959A40300284F30 /* RMEpisodeViewController.swift in Sources */ = {isa = PBXBuildFile; fileRef = FA5182722959A40300284F30 /* RMEpisodeViewController.swift */; };
		FA5182752959A41000284F30 /* RMSettingsViewController.swift in Sources */ = {isa = PBXBuildFile; fileRef = FA5182742959A41000284F30 /* RMSettingsViewController.swift */; };
		FA5182772959AF6E00284F30 /* RMService.swift in Sources */ = {isa = PBXBuildFile; fileRef = FA5182762959AF6E00284F30 /* RMService.swift */; };
		FA5182792959AF7600284F30 /* RMRequest.swift in Sources */ = {isa = PBXBuildFile; fileRef = FA5182782959AF7600284F30 /* RMRequest.swift */; };
		FA51827B2959B06100284F30 /* RMEndpoints.swift in Sources */ = {isa = PBXBuildFile; fileRef = FA51827A2959B06100284F30 /* RMEndpoints.swift */; };
		FA63BA5529786D1B009F2AF6 /* RMEpisodeDetailViewController.swift in Sources */ = {isa = PBXBuildFile; fileRef = FA63BA5429786D1B009F2AF6 /* RMEpisodeDetailViewController.swift */; };
		FA63BA5A2979B106009F2AF6 /* RMAPICacheManager.swift in Sources */ = {isa = PBXBuildFile; fileRef = FA63BA592979B106009F2AF6 /* RMAPICacheManager.swift */; };
		FA63BA5C2979BB55009F2AF6 /* RMEpisodeDetailViewModel.swift in Sources */ = {isa = PBXBuildFile; fileRef = FA63BA5B2979BB55009F2AF6 /* RMEpisodeDetailViewModel.swift */; };
		FA63BA5E2979BBBC009F2AF6 /* RMEpisodeDetailView.swift in Sources */ = {isa = PBXBuildFile; fileRef = FA63BA5D2979BBBC009F2AF6 /* RMEpisodeDetailView.swift */; };
		FA63BA612979BE7F009F2AF6 /* RMEpisodeListView.swift in Sources */ = {isa = PBXBuildFile; fileRef = FA63BA602979BE7F009F2AF6 /* RMEpisodeListView.swift */; };
		FA63BA642979BFB3009F2AF6 /* RMEpisodeListViewModel.swift in Sources */ = {isa = PBXBuildFile; fileRef = FA63BA632979BFB3009F2AF6 /* RMEpisodeListViewModel.swift */; };
		FA63BA662979C85E009F2AF6 /* RMGetAllEpisodesResponse.swift in Sources */ = {isa = PBXBuildFile; fileRef = FA63BA652979C85E009F2AF6 /* RMGetAllEpisodesResponse.swift */; };
		FA811AF22964B8A5004863BA /* RMImageLoader.swift in Sources */ = {isa = PBXBuildFile; fileRef = FA811AF12964B8A5004863BA /* RMImageLoader.swift */; };
		FA9AD425296AEF51001188BE /* RMCharacterPhotoCollectionViewCell.swift in Sources */ = {isa = PBXBuildFile; fileRef = FA9AD424296AEF51001188BE /* RMCharacterPhotoCollectionViewCell.swift */; };
		FA9AD427296AEF7A001188BE /* RMCharacterInfoCollectionViewCell.swift in Sources */ = {isa = PBXBuildFile; fileRef = FA9AD426296AEF7A001188BE /* RMCharacterInfoCollectionViewCell.swift */; };
		FA9AD429296AEF91001188BE /* RMCharacterEpisodeCollectionViewCell.swift in Sources */ = {isa = PBXBuildFile; fileRef = FA9AD428296AEF91001188BE /* RMCharacterEpisodeCollectionViewCell.swift */; };
		FA9AD42C296AEFED001188BE /* RMCharacterPhotoCollectionViewCellViewModel.swift in Sources */ = {isa = PBXBuildFile; fileRef = FA9AD42B296AEFED001188BE /* RMCharacterPhotoCollectionViewCellViewModel.swift */; };
		FA9AD42E296AF001001188BE /* RMCharacterInfoCollectionViewCellViewModel.swift in Sources */ = {isa = PBXBuildFile; fileRef = FA9AD42D296AF001001188BE /* RMCharacterInfoCollectionViewCellViewModel.swift */; };
		FA9AD430296AF00F001188BE /* RMCharacterEpisodesCollectionViewCellViewModel.swift in Sources */ = {isa = PBXBuildFile; fileRef = FA9AD42F296AF00F001188BE /* RMCharacterEpisodesCollectionViewCellViewModel.swift */; };
		FAAFD124295B6459001104E8 /* RMGetAllCharactersResponse.swift in Sources */ = {isa = PBXBuildFile; fileRef = FAAFD123295B6459001104E8 /* RMGetAllCharactersResponse.swift */; };
		FAAFD128295CD67F001104E8 /* RMCharacterListView.swift in Sources */ = {isa = PBXBuildFile; fileRef = FAAFD127295CD67F001104E8 /* RMCharacterListView.swift */; };
		FAAFD12C295CDBED001104E8 /* Extensions.swift in Sources */ = {isa = PBXBuildFile; fileRef = FAAFD12B295CDBED001104E8 /* Extensions.swift */; };
		FAAFD12E295CDDC0001104E8 /* RMCharacterListViewModel.swift in Sources */ = {isa = PBXBuildFile; fileRef = FAAFD12D295CDDC0001104E8 /* RMCharacterListViewModel.swift */; };
		FAAFD130295DD19C001104E8 /* RMCharacterCollectionViewCell.swift in Sources */ = {isa = PBXBuildFile; fileRef = FAAFD12F295DD19C001104E8 /* RMCharacterCollectionViewCell.swift */; };
		FAAFD134295DD339001104E8 /* RMCharacterCollectionViewCellViewModel.swift in Sources */ = {isa = PBXBuildFile; fileRef = FAAFD133295DD339001104E8 /* RMCharacterCollectionViewCellViewModel.swift */; };
		FAAFD1372960A048001104E8 /* RMCharacterDetailViewController.swift in Sources */ = {isa = PBXBuildFile; fileRef = FAAFD1362960A048001104E8 /* RMCharacterDetailViewController.swift */; };
		FAAFD1392960A3B6001104E8 /* RMCharacterDetailView.swift in Sources */ = {isa = PBXBuildFile; fileRef = FAAFD1382960A3B6001104E8 /* RMCharacterDetailView.swift */; };
		FAAFD13B2960A3DA001104E8 /* RMCharacterDetailViewModel.swift in Sources */ = {isa = PBXBuildFile; fileRef = FAAFD13A2960A3DA001104E8 /* RMCharacterDetailViewModel.swift */; };
		FAAFD13D2961D8A8001104E8 /* RMFooterLoadingCollectionReusableView.swift in Sources */ = {isa = PBXBuildFile; fileRef = FAAFD13C2961D8A8001104E8 /* RMFooterLoadingCollectionReusableView.swift */; };
		FACFE61A297C63C100B2DB16 /* RMSearchViewController.swift in Sources */ = {isa = PBXBuildFile; fileRef = FACFE619297C63C100B2DB16 /* RMSearchViewController.swift */; };
		FACFE61C297D371500B2DB16 /* RMEpisodeInfoCollectionViewCell.swift in Sources */ = {isa = PBXBuildFile; fileRef = FACFE61B297D371500B2DB16 /* RMEpisodeInfoCollectionViewCell.swift */; };
		FACFE61E297D373A00B2DB16 /* RMEpisodeInfoCollectionViewCellViewModel.swift in Sources */ = {isa = PBXBuildFile; fileRef = FACFE61D297D373A00B2DB16 /* RMEpisodeInfoCollectionViewCellViewModel.swift */; };
/* End PBXBuildFile section */

/* Begin PBXFileReference section */
		FA0DC3FE29773AFE00194235 /* RMCharacterGender.swift */ = {isa = PBXFileReference; lastKnownFileType = sourcecode.swift; path = RMCharacterGender.swift; sourceTree = "<group>"; };
		FA0DC40029773B3A00194235 /* RMCharacterStatus.swift */ = {isa = PBXFileReference; lastKnownFileType = sourcecode.swift; path = RMCharacterStatus.swift; sourceTree = "<group>"; };
		FA0DC40229773B5700194235 /* RMCharacterOrigin.swift */ = {isa = PBXFileReference; lastKnownFileType = sourcecode.swift; path = RMCharacterOrigin.swift; sourceTree = "<group>"; };
		FA0DC40429773B6A00194235 /* RMCharacterLocation.swift */ = {isa = PBXFileReference; lastKnownFileType = sourcecode.swift; path = RMCharacterLocation.swift; sourceTree = "<group>"; };
		FA51824929599FD300284F30 /* RickAndMorty.app */ = {isa = PBXFileReference; explicitFileType = wrapper.application; includeInIndex = 0; path = RickAndMorty.app; sourceTree = BUILT_PRODUCTS_DIR; };
		FA51824C29599FD300284F30 /* AppDelegate.swift */ = {isa = PBXFileReference; lastKnownFileType = sourcecode.swift; path = AppDelegate.swift; sourceTree = "<group>"; };
		FA51824E29599FD300284F30 /* SceneDelegate.swift */ = {isa = PBXFileReference; lastKnownFileType = sourcecode.swift; path = SceneDelegate.swift; sourceTree = "<group>"; };
		FA51825029599FD300284F30 /* RMTabBarController.swift */ = {isa = PBXFileReference; lastKnownFileType = sourcecode.swift; path = RMTabBarController.swift; sourceTree = "<group>"; };
		FA51825529599FD600284F30 /* Assets.xcassets */ = {isa = PBXFileReference; lastKnownFileType = folder.assetcatalog; path = Assets.xcassets; sourceTree = "<group>"; };
		FA51825829599FD600284F30 /* Base */ = {isa = PBXFileReference; lastKnownFileType = file.storyboard; name = Base; path = Base.lproj/LaunchScreen.storyboard; sourceTree = "<group>"; };
		FA51825A29599FD600284F30 /* Info.plist */ = {isa = PBXFileReference; lastKnownFileType = text.plist.xml; path = Info.plist; sourceTree = "<group>"; };
		FA5182672959A2F900284F30 /* RMLocation.swift */ = {isa = PBXFileReference; lastKnownFileType = sourcecode.swift; path = RMLocation.swift; sourceTree = "<group>"; };
		FA5182692959A30400284F30 /* RMCharacter.swift */ = {isa = PBXFileReference; lastKnownFileType = sourcecode.swift; path = RMCharacter.swift; sourceTree = "<group>"; };
		FA51826B2959A31300284F30 /* RMEpisode.swift */ = {isa = PBXFileReference; lastKnownFileType = sourcecode.swift; path = RMEpisode.swift; sourceTree = "<group>"; };
		FA51826E2959A3EB00284F30 /* RMCharacterViewController.swift */ = {isa = PBXFileReference; lastKnownFileType = sourcecode.swift; path = RMCharacterViewController.swift; sourceTree = "<group>"; };
		FA5182702959A3F900284F30 /* RMLocationViewController.swift */ = {isa = PBXFileReference; lastKnownFileType = sourcecode.swift; path = RMLocationViewController.swift; sourceTree = "<group>"; };
		FA5182722959A40300284F30 /* RMEpisodeViewController.swift */ = {isa = PBXFileReference; lastKnownFileType = sourcecode.swift; path = RMEpisodeViewController.swift; sourceTree = "<group>"; };
		FA5182742959A41000284F30 /* RMSettingsViewController.swift */ = {isa = PBXFileReference; lastKnownFileType = sourcecode.swift; path = RMSettingsViewController.swift; sourceTree = "<group>"; };
		FA5182762959AF6E00284F30 /* RMService.swift */ = {isa = PBXFileReference; lastKnownFileType = sourcecode.swift; path = RMService.swift; sourceTree = "<group>"; };
		FA5182782959AF7600284F30 /* RMRequest.swift */ = {isa = PBXFileReference; lastKnownFileType = sourcecode.swift; path = RMRequest.swift; sourceTree = "<group>"; };
		FA51827A2959B06100284F30 /* RMEndpoints.swift */ = {isa = PBXFileReference; lastKnownFileType = sourcecode.swift; path = RMEndpoints.swift; sourceTree = "<group>"; };
		FA63BA5429786D1B009F2AF6 /* RMEpisodeDetailViewController.swift */ = {isa = PBXFileReference; lastKnownFileType = sourcecode.swift; path = RMEpisodeDetailViewController.swift; sourceTree = "<group>"; };
		FA63BA592979B106009F2AF6 /* RMAPICacheManager.swift */ = {isa = PBXFileReference; lastKnownFileType = sourcecode.swift; path = RMAPICacheManager.swift; sourceTree = "<group>"; };
		FA63BA5B2979BB55009F2AF6 /* RMEpisodeDetailViewModel.swift */ = {isa = PBXFileReference; lastKnownFileType = sourcecode.swift; path = RMEpisodeDetailViewModel.swift; sourceTree = "<group>"; };
		FA63BA5D2979BBBC009F2AF6 /* RMEpisodeDetailView.swift */ = {isa = PBXFileReference; lastKnownFileType = sourcecode.swift; path = RMEpisodeDetailView.swift; sourceTree = "<group>"; };
		FA63BA602979BE7F009F2AF6 /* RMEpisodeListView.swift */ = {isa = PBXFileReference; lastKnownFileType = sourcecode.swift; path = RMEpisodeListView.swift; sourceTree = "<group>"; };
		FA63BA632979BFB3009F2AF6 /* RMEpisodeListViewModel.swift */ = {isa = PBXFileReference; lastKnownFileType = sourcecode.swift; path = RMEpisodeListViewModel.swift; sourceTree = "<group>"; };
		FA63BA652979C85E009F2AF6 /* RMGetAllEpisodesResponse.swift */ = {isa = PBXFileReference; lastKnownFileType = sourcecode.swift; path = RMGetAllEpisodesResponse.swift; sourceTree = "<group>"; };
		FA811AF12964B8A5004863BA /* RMImageLoader.swift */ = {isa = PBXFileReference; lastKnownFileType = sourcecode.swift; path = RMImageLoader.swift; sourceTree = "<group>"; };
		FA9AD424296AEF51001188BE /* RMCharacterPhotoCollectionViewCell.swift */ = {isa = PBXFileReference; lastKnownFileType = sourcecode.swift; path = RMCharacterPhotoCollectionViewCell.swift; sourceTree = "<group>"; };
		FA9AD426296AEF7A001188BE /* RMCharacterInfoCollectionViewCell.swift */ = {isa = PBXFileReference; lastKnownFileType = sourcecode.swift; path = RMCharacterInfoCollectionViewCell.swift; sourceTree = "<group>"; };
		FA9AD428296AEF91001188BE /* RMCharacterEpisodeCollectionViewCell.swift */ = {isa = PBXFileReference; lastKnownFileType = sourcecode.swift; path = RMCharacterEpisodeCollectionViewCell.swift; sourceTree = "<group>"; };
		FA9AD42B296AEFED001188BE /* RMCharacterPhotoCollectionViewCellViewModel.swift */ = {isa = PBXFileReference; lastKnownFileType = sourcecode.swift; path = RMCharacterPhotoCollectionViewCellViewModel.swift; sourceTree = "<group>"; };
		FA9AD42D296AF001001188BE /* RMCharacterInfoCollectionViewCellViewModel.swift */ = {isa = PBXFileReference; lastKnownFileType = sourcecode.swift; path = RMCharacterInfoCollectionViewCellViewModel.swift; sourceTree = "<group>"; };
		FA9AD42F296AF00F001188BE /* RMCharacterEpisodesCollectionViewCellViewModel.swift */ = {isa = PBXFileReference; lastKnownFileType = sourcecode.swift; path = RMCharacterEpisodesCollectionViewCellViewModel.swift; sourceTree = "<group>"; };
		FAAFD123295B6459001104E8 /* RMGetAllCharactersResponse.swift */ = {isa = PBXFileReference; lastKnownFileType = sourcecode.swift; path = RMGetAllCharactersResponse.swift; sourceTree = "<group>"; };
		FAAFD127295CD67F001104E8 /* RMCharacterListView.swift */ = {isa = PBXFileReference; lastKnownFileType = sourcecode.swift; path = RMCharacterListView.swift; sourceTree = "<group>"; };
		FAAFD12B295CDBED001104E8 /* Extensions.swift */ = {isa = PBXFileReference; lastKnownFileType = sourcecode.swift; path = Extensions.swift; sourceTree = "<group>"; };
		FAAFD12D295CDDC0001104E8 /* RMCharacterListViewModel.swift */ = {isa = PBXFileReference; lastKnownFileType = sourcecode.swift; path = RMCharacterListViewModel.swift; sourceTree = "<group>"; };
		FAAFD12F295DD19C001104E8 /* RMCharacterCollectionViewCell.swift */ = {isa = PBXFileReference; lastKnownFileType = sourcecode.swift; path = RMCharacterCollectionViewCell.swift; sourceTree = "<group>"; };
		FAAFD133295DD339001104E8 /* RMCharacterCollectionViewCellViewModel.swift */ = {isa = PBXFileReference; lastKnownFileType = sourcecode.swift; path = RMCharacterCollectionViewCellViewModel.swift; sourceTree = "<group>"; };
		FAAFD1362960A048001104E8 /* RMCharacterDetailViewController.swift */ = {isa = PBXFileReference; lastKnownFileType = sourcecode.swift; path = RMCharacterDetailViewController.swift; sourceTree = "<group>"; };
		FAAFD1382960A3B6001104E8 /* RMCharacterDetailView.swift */ = {isa = PBXFileReference; lastKnownFileType = sourcecode.swift; path = RMCharacterDetailView.swift; sourceTree = "<group>"; };
		FAAFD13A2960A3DA001104E8 /* RMCharacterDetailViewModel.swift */ = {isa = PBXFileReference; lastKnownFileType = sourcecode.swift; path = RMCharacterDetailViewModel.swift; sourceTree = "<group>"; };
		FAAFD13C2961D8A8001104E8 /* RMFooterLoadingCollectionReusableView.swift */ = {isa = PBXFileReference; lastKnownFileType = sourcecode.swift; path = RMFooterLoadingCollectionReusableView.swift; sourceTree = "<group>"; };
		FACFE619297C63C100B2DB16 /* RMSearchViewController.swift */ = {isa = PBXFileReference; lastKnownFileType = sourcecode.swift; path = RMSearchViewController.swift; sourceTree = "<group>"; };
		FACFE61B297D371500B2DB16 /* RMEpisodeInfoCollectionViewCell.swift */ = {isa = PBXFileReference; lastKnownFileType = sourcecode.swift; path = RMEpisodeInfoCollectionViewCell.swift; sourceTree = "<group>"; };
		FACFE61D297D373A00B2DB16 /* RMEpisodeInfoCollectionViewCellViewModel.swift */ = {isa = PBXFileReference; lastKnownFileType = sourcecode.swift; path = RMEpisodeInfoCollectionViewCellViewModel.swift; sourceTree = "<group>"; };
/* End PBXFileReference section */

/* Begin PBXFrameworksBuildPhase section */
		FA51824629599FD300284F30 /* Frameworks */ = {
			isa = PBXFrameworksBuildPhase;
			buildActionMask = 2147483647;
			files = (
			);
			runOnlyForDeploymentPostprocessing = 0;
		};
/* End PBXFrameworksBuildPhase section */

/* Begin PBXGroup section */
		FA51824029599FD300284F30 = {
			isa = PBXGroup;
			children = (
				FA51824B29599FD300284F30 /* RickAndMorty */,
				FA51824A29599FD300284F30 /* Products */,
			);
			sourceTree = "<group>";
		};
		FA51824A29599FD300284F30 /* Products */ = {
			isa = PBXGroup;
			children = (
				FA51824929599FD300284F30 /* RickAndMorty.app */,
			);
			name = Products;
			sourceTree = "<group>";
		};
		FA51824B29599FD300284F30 /* RickAndMorty */ = {
			isa = PBXGroup;
			children = (
				FA51825A29599FD600284F30 /* Info.plist */,
				FA5182602959A0BE00284F30 /* Resources */,
				FA5182612959A1CD00284F30 /* Managers */,
				FA5182622959A1E000284F30 /* Networking */,
				FA5182662959A20D00284F30 /* Models */,
				FA5182652959A20500284F30 /* Views */,
				FA5182642959A1FE00284F30 /* ViewModels */,
				FA5182632959A1EE00284F30 /* Controllers */,
			);
			path = RickAndMorty;
			sourceTree = "<group>";
		};
		FA5182602959A0BE00284F30 /* Resources */ = {
			isa = PBXGroup;
			children = (
				FAAFD129295CDBBB001104E8 /* DefaultResources */,
				FAAFD12B295CDBED001104E8 /* Extensions.swift */,
			);
			path = Resources;
			sourceTree = "<group>";
		};
		FA5182612959A1CD00284F30 /* Managers */ = {
			isa = PBXGroup;
			children = (
				FA811AF12964B8A5004863BA /* RMImageLoader.swift */,
				FA63BA592979B106009F2AF6 /* RMAPICacheManager.swift */,
			);
			path = Managers;
			sourceTree = "<group>";
		};
		FA5182622959A1E000284F30 /* Networking */ = {
			isa = PBXGroup;
			children = (
				FA5182762959AF6E00284F30 /* RMService.swift */,
				FA5182782959AF7600284F30 /* RMRequest.swift */,
				FA51827A2959B06100284F30 /* RMEndpoints.swift */,
			);
			path = Networking;
			sourceTree = "<group>";
		};
		FA5182632959A1EE00284F30 /* Controllers */ = {
			isa = PBXGroup;
			children = (
				FAAFD1352960A01D001104E8 /* Others */,
				FA51826D2959A3B000284F30 /* Cores */,
			);
			path = Controllers;
			sourceTree = "<group>";
		};
		FA5182642959A1FE00284F30 /* ViewModels */ = {
			isa = PBXGroup;
			children = (
				FAAFD12D295CDDC0001104E8 /* RMCharacterListViewModel.swift */,
				FAAFD133295DD339001104E8 /* RMCharacterCollectionViewCellViewModel.swift */,
				FA63BA622979BF92009F2AF6 /* Episode */,
				FA9AD42A296AEFB0001188BE /* CharacterDetails */,
			);
			path = ViewModels;
			sourceTree = "<group>";
		};
		FA5182652959A20500284F30 /* Views */ = {
			isa = PBXGroup;
			children = (
				FAAFD13C2961D8A8001104E8 /* RMFooterLoadingCollectionReusableView.swift */,
				FA63BA5F2979BE63009F2AF6 /* Episode */,
				FA9AD423296AEF04001188BE /* Character */,
				FA9AD422296AEEE3001188BE /* CharacterDetails */,
			);
			path = Views;
			sourceTree = "<group>";
		};
		FA5182662959A20D00284F30 /* Models */ = {
			isa = PBXGroup;
			children = (
				FAAFD122295B641E001104E8 /* APIResponseTypes */,
				FAAFD121295B63F9001104E8 /* DataTypes */,
			);
			path = Models;
			sourceTree = "<group>";
		};
		FA51826D2959A3B000284F30 /* Cores */ = {
			isa = PBXGroup;
			children = (
				FA51825029599FD300284F30 /* RMTabBarController.swift */,
				FA51826E2959A3EB00284F30 /* RMCharacterViewController.swift */,
				FA5182702959A3F900284F30 /* RMLocationViewController.swift */,
				FA5182722959A40300284F30 /* RMEpisodeViewController.swift */,
				FA5182742959A41000284F30 /* RMSettingsViewController.swift */,
			);
			path = Cores;
			sourceTree = "<group>";
		};
		FA63BA5F2979BE63009F2AF6 /* Episode */ = {
			isa = PBXGroup;
			children = (
				FA63BA5D2979BBBC009F2AF6 /* RMEpisodeDetailView.swift */,
				FA63BA602979BE7F009F2AF6 /* RMEpisodeListView.swift */,
				FACFE61B297D371500B2DB16 /* RMEpisodeInfoCollectionViewCell.swift */,
			);
			path = Episode;
			sourceTree = "<group>";
		};
		FA63BA622979BF92009F2AF6 /* Episode */ = {
			isa = PBXGroup;
			children = (
				FA63BA5B2979BB55009F2AF6 /* RMEpisodeDetailViewModel.swift */,
				FA63BA632979BFB3009F2AF6 /* RMEpisodeListViewModel.swift */,
				FACFE61D297D373A00B2DB16 /* RMEpisodeInfoCollectionViewCellViewModel.swift */,
			);
			path = Episode;
			sourceTree = "<group>";
		};
		FA9AD422296AEEE3001188BE /* CharacterDetails */ = {
			isa = PBXGroup;
			children = (
				FAAFD1382960A3B6001104E8 /* RMCharacterDetailView.swift */,
				FA9AD424296AEF51001188BE /* RMCharacterPhotoCollectionViewCell.swift */,
				FA9AD426296AEF7A001188BE /* RMCharacterInfoCollectionViewCell.swift */,
				FA9AD428296AEF91001188BE /* RMCharacterEpisodeCollectionViewCell.swift */,
			);
			path = CharacterDetails;
			sourceTree = "<group>";
		};
		FA9AD423296AEF04001188BE /* Character */ = {
			isa = PBXGroup;
			children = (
				FAAFD127295CD67F001104E8 /* RMCharacterListView.swift */,
				FAAFD12F295DD19C001104E8 /* RMCharacterCollectionViewCell.swift */,
			);
			path = Character;
			sourceTree = "<group>";
		};
		FA9AD42A296AEFB0001188BE /* CharacterDetails */ = {
			isa = PBXGroup;
			children = (
				FAAFD13A2960A3DA001104E8 /* RMCharacterDetailViewModel.swift */,
				FA9AD42B296AEFED001188BE /* RMCharacterPhotoCollectionViewCellViewModel.swift */,
				FA9AD42D296AF001001188BE /* RMCharacterInfoCollectionViewCellViewModel.swift */,
				FA9AD42F296AF00F001188BE /* RMCharacterEpisodesCollectionViewCellViewModel.swift */,
			);
			path = CharacterDetails;
			sourceTree = "<group>";
		};
		FAAFD121295B63F9001104E8 /* DataTypes */ = {
			isa = PBXGroup;
			children = (
				FA5182672959A2F900284F30 /* RMLocation.swift */,
				FA5182692959A30400284F30 /* RMCharacter.swift */,
				FA51826B2959A31300284F30 /* RMEpisode.swift */,
				FA0DC3FE29773AFE00194235 /* RMCharacterGender.swift */,
				FA0DC40029773B3A00194235 /* RMCharacterStatus.swift */,
				FA0DC40229773B5700194235 /* RMCharacterOrigin.swift */,
				FA0DC40429773B6A00194235 /* RMCharacterLocation.swift */,
			);
			path = DataTypes;
			sourceTree = "<group>";
		};
		FAAFD122295B641E001104E8 /* APIResponseTypes */ = {
			isa = PBXGroup;
			children = (
				FAAFD123295B6459001104E8 /* RMGetAllCharactersResponse.swift */,
				FA63BA652979C85E009F2AF6 /* RMGetAllEpisodesResponse.swift */,
			);
			path = APIResponseTypes;
			sourceTree = "<group>";
		};
		FAAFD129295CDBBB001104E8 /* DefaultResources */ = {
			isa = PBXGroup;
			children = (
				FA51824C29599FD300284F30 /* AppDelegate.swift */,
				FA51824E29599FD300284F30 /* SceneDelegate.swift */,
				FA51825729599FD600284F30 /* LaunchScreen.storyboard */,
				FA51825529599FD600284F30 /* Assets.xcassets */,
			);
			path = DefaultResources;
			sourceTree = "<group>";
		};
		FAAFD1352960A01D001104E8 /* Others */ = {
			isa = PBXGroup;
			children = (
				FAAFD1362960A048001104E8 /* RMCharacterDetailViewController.swift */,
				FA63BA5429786D1B009F2AF6 /* RMEpisodeDetailViewController.swift */,
				FACFE619297C63C100B2DB16 /* RMSearchViewController.swift */,
			);
			path = Others;
			sourceTree = "<group>";
		};
/* End PBXGroup section */

/* Begin PBXNativeTarget section */
		FA51824829599FD300284F30 /* RickAndMorty */ = {
			isa = PBXNativeTarget;
			buildConfigurationList = FA51825D29599FD600284F30 /* Build configuration list for PBXNativeTarget "RickAndMorty" */;
			buildPhases = (
				FA51824529599FD300284F30 /* Sources */,
				FA51824629599FD300284F30 /* Frameworks */,
				FA51824729599FD300284F30 /* Resources */,
			);
			buildRules = (
			);
			dependencies = (
			);
			name = RickAndMorty;
			productName = RickAndMorty;
			productReference = FA51824929599FD300284F30 /* RickAndMorty.app */;
			productType = "com.apple.product-type.application";
		};
/* End PBXNativeTarget section */

/* Begin PBXProject section */
		FA51824129599FD300284F30 /* Project object */ = {
			isa = PBXProject;
			attributes = {
				BuildIndependentTargetsInParallel = 1;
				LastSwiftUpdateCheck = 1420;
				LastUpgradeCheck = 1420;
				TargetAttributes = {
					FA51824829599FD300284F30 = {
						CreatedOnToolsVersion = 14.2;
					};
				};
			};
			buildConfigurationList = FA51824429599FD300284F30 /* Build configuration list for PBXProject "RickAndMorty" */;
			compatibilityVersion = "Xcode 14.0";
			developmentRegion = en;
			hasScannedForEncodings = 0;
			knownRegions = (
				en,
				Base,
			);
			mainGroup = FA51824029599FD300284F30;
			productRefGroup = FA51824A29599FD300284F30 /* Products */;
			projectDirPath = "";
			projectRoot = "";
			targets = (
				FA51824829599FD300284F30 /* RickAndMorty */,
			);
		};
/* End PBXProject section */

/* Begin PBXResourcesBuildPhase section */
		FA51824729599FD300284F30 /* Resources */ = {
			isa = PBXResourcesBuildPhase;
			buildActionMask = 2147483647;
			files = (
				FA51825929599FD600284F30 /* LaunchScreen.storyboard in Resources */,
				FA51825629599FD600284F30 /* Assets.xcassets in Resources */,
			);
			runOnlyForDeploymentPostprocessing = 0;
		};
/* End PBXResourcesBuildPhase section */

/* Begin PBXSourcesBuildPhase section */
		FA51824529599FD300284F30 /* Sources */ = {
			isa = PBXSourcesBuildPhase;
			buildActionMask = 2147483647;
			files = (
				FA9AD430296AF00F001188BE /* RMCharacterEpisodesCollectionViewCellViewModel.swift in Sources */,
				FAAFD12E295CDDC0001104E8 /* RMCharacterListViewModel.swift in Sources */,
				FA0DC40129773B3A00194235 /* RMCharacterStatus.swift in Sources */,
				FACFE61A297C63C100B2DB16 /* RMSearchViewController.swift in Sources */,
				FA9AD42C296AEFED001188BE /* RMCharacterPhotoCollectionViewCellViewModel.swift in Sources */,
				FA9AD427296AEF7A001188BE /* RMCharacterInfoCollectionViewCell.swift in Sources */,
				FA51827B2959B06100284F30 /* RMEndpoints.swift in Sources */,
				FA5182712959A3F900284F30 /* RMLocationViewController.swift in Sources */,
				FA63BA642979BFB3009F2AF6 /* RMEpisodeListViewModel.swift in Sources */,
				FA51826C2959A31300284F30 /* RMEpisode.swift in Sources */,
				FA9AD425296AEF51001188BE /* RMCharacterPhotoCollectionViewCell.swift in Sources */,
				FA63BA612979BE7F009F2AF6 /* RMEpisodeListView.swift in Sources */,
				FA0DC3FF29773AFE00194235 /* RMCharacterGender.swift in Sources */,
				FAAFD134295DD339001104E8 /* RMCharacterCollectionViewCellViewModel.swift in Sources */,
				FAAFD13D2961D8A8001104E8 /* RMFooterLoadingCollectionReusableView.swift in Sources */,
				FA51825129599FD300284F30 /* RMTabBarController.swift in Sources */,
				FA9AD42E296AF001001188BE /* RMCharacterInfoCollectionViewCellViewModel.swift in Sources */,
				FAAFD1372960A048001104E8 /* RMCharacterDetailViewController.swift in Sources */,
				FAAFD124295B6459001104E8 /* RMGetAllCharactersResponse.swift in Sources */,
				FACFE61C297D371500B2DB16 /* RMEpisodeInfoCollectionViewCell.swift in Sources */,
				FA63BA662979C85E009F2AF6 /* RMGetAllEpisodesResponse.swift in Sources */,
				FAAFD1392960A3B6001104E8 /* RMCharacterDetailView.swift in Sources */,
				FA0DC40529773B6A00194235 /* RMCharacterLocation.swift in Sources */,
				FA5182732959A40300284F30 /* RMEpisodeViewController.swift in Sources */,
				FAAFD128295CD67F001104E8 /* RMCharacterListView.swift in Sources */,
				FA0DC40329773B5700194235 /* RMCharacterOrigin.swift in Sources */,
				FA51824D29599FD300284F30 /* AppDelegate.swift in Sources */,
				FA51824F29599FD300284F30 /* SceneDelegate.swift in Sources */,
				FA811AF22964B8A5004863BA /* RMImageLoader.swift in Sources */,
				FA9AD429296AEF91001188BE /* RMCharacterEpisodeCollectionViewCell.swift in Sources */,
				FA5182752959A41000284F30 /* RMSettingsViewController.swift in Sources */,
				FA5182772959AF6E00284F30 /* RMService.swift in Sources */,
				FA63BA5529786D1B009F2AF6 /* RMEpisodeDetailViewController.swift in Sources */,
				FA63BA5E2979BBBC009F2AF6 /* RMEpisodeDetailView.swift in Sources */,
				FA5182682959A2F900284F30 /* RMLocation.swift in Sources */,
				FAAFD13B2960A3DA001104E8 /* RMCharacterDetailViewModel.swift in Sources */,
				FA51826A2959A30400284F30 /* RMCharacter.swift in Sources */,
				FA5182792959AF7600284F30 /* RMRequest.swift in Sources */,
				FA63BA5C2979BB55009F2AF6 /* RMEpisodeDetailViewModel.swift in Sources */,
				FAAFD12C295CDBED001104E8 /* Extensions.swift in Sources */,
				FACFE61E297D373A00B2DB16 /* RMEpisodeInfoCollectionViewCellViewModel.swift in Sources */,
				FA51826F2959A3EB00284F30 /* RMCharacterViewController.swift in Sources */,
				FA63BA5A2979B106009F2AF6 /* RMAPICacheManager.swift in Sources */,
				FAAFD130295DD19C001104E8 /* RMCharacterCollectionViewCell.swift in Sources */,
			);
			runOnlyForDeploymentPostprocessing = 0;
		};
/* End PBXSourcesBuildPhase section */

/* Begin PBXVariantGroup section */
		FA51825729599FD600284F30 /* LaunchScreen.storyboard */ = {
			isa = PBXVariantGroup;
			children = (
				FA51825829599FD600284F30 /* Base */,
			);
			name = LaunchScreen.storyboard;
			sourceTree = "<group>";
		};
/* End PBXVariantGroup section */

/* Begin XCBuildConfiguration section */
		FA51825B29599FD600284F30 /* Debug */ = {
			isa = XCBuildConfiguration;
			buildSettings = {
				ALWAYS_SEARCH_USER_PATHS = NO;
				CLANG_ANALYZER_NONNULL = YES;
				CLANG_ANALYZER_NUMBER_OBJECT_CONVERSION = YES_AGGRESSIVE;
				CLANG_CXX_LANGUAGE_STANDARD = "gnu++20";
				CLANG_ENABLE_MODULES = YES;
				CLANG_ENABLE_OBJC_ARC = YES;
				CLANG_ENABLE_OBJC_WEAK = YES;
				CLANG_WARN_BLOCK_CAPTURE_AUTORELEASING = YES;
				CLANG_WARN_BOOL_CONVERSION = YES;
				CLANG_WARN_COMMA = YES;
				CLANG_WARN_CONSTANT_CONVERSION = YES;
				CLANG_WARN_DEPRECATED_OBJC_IMPLEMENTATIONS = YES;
				CLANG_WARN_DIRECT_OBJC_ISA_USAGE = YES_ERROR;
				CLANG_WARN_DOCUMENTATION_COMMENTS = YES;
				CLANG_WARN_EMPTY_BODY = YES;
				CLANG_WARN_ENUM_CONVERSION = YES;
				CLANG_WARN_INFINITE_RECURSION = YES;
				CLANG_WARN_INT_CONVERSION = YES;
				CLANG_WARN_NON_LITERAL_NULL_CONVERSION = YES;
				CLANG_WARN_OBJC_IMPLICIT_RETAIN_SELF = YES;
				CLANG_WARN_OBJC_LITERAL_CONVERSION = YES;
				CLANG_WARN_OBJC_ROOT_CLASS = YES_ERROR;
				CLANG_WARN_QUOTED_INCLUDE_IN_FRAMEWORK_HEADER = YES;
				CLANG_WARN_RANGE_LOOP_ANALYSIS = YES;
				CLANG_WARN_STRICT_PROTOTYPES = YES;
				CLANG_WARN_SUSPICIOUS_MOVE = YES;
				CLANG_WARN_UNGUARDED_AVAILABILITY = YES_AGGRESSIVE;
				CLANG_WARN_UNREACHABLE_CODE = YES;
				CLANG_WARN__DUPLICATE_METHOD_MATCH = YES;
				COPY_PHASE_STRIP = NO;
				DEBUG_INFORMATION_FORMAT = dwarf;
				ENABLE_STRICT_OBJC_MSGSEND = YES;
				ENABLE_TESTABILITY = YES;
				GCC_C_LANGUAGE_STANDARD = gnu11;
				GCC_DYNAMIC_NO_PIC = NO;
				GCC_NO_COMMON_BLOCKS = YES;
				GCC_OPTIMIZATION_LEVEL = 0;
				GCC_PREPROCESSOR_DEFINITIONS = (
					"DEBUG=1",
					"$(inherited)",
				);
				GCC_WARN_64_TO_32_BIT_CONVERSION = YES;
				GCC_WARN_ABOUT_RETURN_TYPE = YES_ERROR;
				GCC_WARN_UNDECLARED_SELECTOR = YES;
				GCC_WARN_UNINITIALIZED_AUTOS = YES_AGGRESSIVE;
				GCC_WARN_UNUSED_FUNCTION = YES;
				GCC_WARN_UNUSED_VARIABLE = YES;
				IPHONEOS_DEPLOYMENT_TARGET = 16.2;
				MTL_ENABLE_DEBUG_INFO = INCLUDE_SOURCE;
				MTL_FAST_MATH = YES;
				ONLY_ACTIVE_ARCH = YES;
				SDKROOT = iphoneos;
				SWIFT_ACTIVE_COMPILATION_CONDITIONS = DEBUG;
				SWIFT_OPTIMIZATION_LEVEL = "-Onone";
			};
			name = Debug;
		};
		FA51825C29599FD600284F30 /* Release */ = {
			isa = XCBuildConfiguration;
			buildSettings = {
				ALWAYS_SEARCH_USER_PATHS = NO;
				CLANG_ANALYZER_NONNULL = YES;
				CLANG_ANALYZER_NUMBER_OBJECT_CONVERSION = YES_AGGRESSIVE;
				CLANG_CXX_LANGUAGE_STANDARD = "gnu++20";
				CLANG_ENABLE_MODULES = YES;
				CLANG_ENABLE_OBJC_ARC = YES;
				CLANG_ENABLE_OBJC_WEAK = YES;
				CLANG_WARN_BLOCK_CAPTURE_AUTORELEASING = YES;
				CLANG_WARN_BOOL_CONVERSION = YES;
				CLANG_WARN_COMMA = YES;
				CLANG_WARN_CONSTANT_CONVERSION = YES;
				CLANG_WARN_DEPRECATED_OBJC_IMPLEMENTATIONS = YES;
				CLANG_WARN_DIRECT_OBJC_ISA_USAGE = YES_ERROR;
				CLANG_WARN_DOCUMENTATION_COMMENTS = YES;
				CLANG_WARN_EMPTY_BODY = YES;
				CLANG_WARN_ENUM_CONVERSION = YES;
				CLANG_WARN_INFINITE_RECURSION = YES;
				CLANG_WARN_INT_CONVERSION = YES;
				CLANG_WARN_NON_LITERAL_NULL_CONVERSION = YES;
				CLANG_WARN_OBJC_IMPLICIT_RETAIN_SELF = YES;
				CLANG_WARN_OBJC_LITERAL_CONVERSION = YES;
				CLANG_WARN_OBJC_ROOT_CLASS = YES_ERROR;
				CLANG_WARN_QUOTED_INCLUDE_IN_FRAMEWORK_HEADER = YES;
				CLANG_WARN_RANGE_LOOP_ANALYSIS = YES;
				CLANG_WARN_STRICT_PROTOTYPES = YES;
				CLANG_WARN_SUSPICIOUS_MOVE = YES;
				CLANG_WARN_UNGUARDED_AVAILABILITY = YES_AGGRESSIVE;
				CLANG_WARN_UNREACHABLE_CODE = YES;
				CLANG_WARN__DUPLICATE_METHOD_MATCH = YES;
				COPY_PHASE_STRIP = NO;
				DEBUG_INFORMATION_FORMAT = "dwarf-with-dsym";
				ENABLE_NS_ASSERTIONS = NO;
				ENABLE_STRICT_OBJC_MSGSEND = YES;
				GCC_C_LANGUAGE_STANDARD = gnu11;
				GCC_NO_COMMON_BLOCKS = YES;
				GCC_WARN_64_TO_32_BIT_CONVERSION = YES;
				GCC_WARN_ABOUT_RETURN_TYPE = YES_ERROR;
				GCC_WARN_UNDECLARED_SELECTOR = YES;
				GCC_WARN_UNINITIALIZED_AUTOS = YES_AGGRESSIVE;
				GCC_WARN_UNUSED_FUNCTION = YES;
				GCC_WARN_UNUSED_VARIABLE = YES;
				IPHONEOS_DEPLOYMENT_TARGET = 16.2;
				MTL_ENABLE_DEBUG_INFO = NO;
				MTL_FAST_MATH = YES;
				SDKROOT = iphoneos;
				SWIFT_COMPILATION_MODE = wholemodule;
				SWIFT_OPTIMIZATION_LEVEL = "-O";
				VALIDATE_PRODUCT = YES;
			};
			name = Release;
		};
		FA51825E29599FD600284F30 /* Debug */ = {
			isa = XCBuildConfiguration;
			buildSettings = {
				ASSETCATALOG_COMPILER_APPICON_NAME = AppIcon;
				ASSETCATALOG_COMPILER_GLOBAL_ACCENT_COLOR_NAME = AccentColor;
				CODE_SIGN_STYLE = Automatic;
				CURRENT_PROJECT_VERSION = 1;
				GENERATE_INFOPLIST_FILE = YES;
				INFOPLIST_FILE = RickAndMorty/Info.plist;
				INFOPLIST_KEY_UIApplicationSupportsIndirectInputEvents = YES;
				INFOPLIST_KEY_UILaunchStoryboardName = LaunchScreen;
				INFOPLIST_KEY_UISupportedInterfaceOrientations_iPad = "UIInterfaceOrientationPortrait UIInterfaceOrientationPortraitUpsideDown UIInterfaceOrientationLandscapeLeft UIInterfaceOrientationLandscapeRight";
				INFOPLIST_KEY_UISupportedInterfaceOrientations_iPhone = "UIInterfaceOrientationPortrait UIInterfaceOrientationLandscapeLeft UIInterfaceOrientationLandscapeRight";
				LD_RUNPATH_SEARCH_PATHS = (
					"$(inherited)",
					"@executable_path/Frameworks",
				);
				MARKETING_VERSION = 1.0;
				PRODUCT_BUNDLE_IDENTIFIER = com.jalalaliyev.RickAndMorty;
				PRODUCT_NAME = "$(TARGET_NAME)";
				SWIFT_EMIT_LOC_STRINGS = YES;
				SWIFT_VERSION = 5.0;
				TARGETED_DEVICE_FAMILY = "1,2";
			};
			name = Debug;
		};
		FA51825F29599FD600284F30 /* Release */ = {
			isa = XCBuildConfiguration;
			buildSettings = {
				ASSETCATALOG_COMPILER_APPICON_NAME = AppIcon;
				ASSETCATALOG_COMPILER_GLOBAL_ACCENT_COLOR_NAME = AccentColor;
				CODE_SIGN_STYLE = Automatic;
				CURRENT_PROJECT_VERSION = 1;
				GENERATE_INFOPLIST_FILE = YES;
				INFOPLIST_FILE = RickAndMorty/Info.plist;
				INFOPLIST_KEY_UIApplicationSupportsIndirectInputEvents = YES;
				INFOPLIST_KEY_UILaunchStoryboardName = LaunchScreen;
				INFOPLIST_KEY_UISupportedInterfaceOrientations_iPad = "UIInterfaceOrientationPortrait UIInterfaceOrientationPortraitUpsideDown UIInterfaceOrientationLandscapeLeft UIInterfaceOrientationLandscapeRight";
				INFOPLIST_KEY_UISupportedInterfaceOrientations_iPhone = "UIInterfaceOrientationPortrait UIInterfaceOrientationLandscapeLeft UIInterfaceOrientationLandscapeRight";
				LD_RUNPATH_SEARCH_PATHS = (
					"$(inherited)",
					"@executable_path/Frameworks",
				);
				MARKETING_VERSION = 1.0;
				PRODUCT_BUNDLE_IDENTIFIER = com.jalalaliyev.RickAndMorty;
				PRODUCT_NAME = "$(TARGET_NAME)";
				SWIFT_EMIT_LOC_STRINGS = YES;
				SWIFT_VERSION = 5.0;
				TARGETED_DEVICE_FAMILY = "1,2";
			};
			name = Release;
		};
/* End XCBuildConfiguration section */

/* Begin XCConfigurationList section */
		FA51824429599FD300284F30 /* Build configuration list for PBXProject "RickAndMorty" */ = {
			isa = XCConfigurationList;
			buildConfigurations = (
				FA51825B29599FD600284F30 /* Debug */,
				FA51825C29599FD600284F30 /* Release */,
			);
			defaultConfigurationIsVisible = 0;
			defaultConfigurationName = Release;
		};
		FA51825D29599FD600284F30 /* Build configuration list for PBXNativeTarget "RickAndMorty" */ = {
			isa = XCConfigurationList;
			buildConfigurations = (
				FA51825E29599FD600284F30 /* Debug */,
				FA51825F29599FD600284F30 /* Release */,
			);
			defaultConfigurationIsVisible = 0;
			defaultConfigurationName = Release;
		};
/* End XCConfigurationList section */
	};
	rootObject = FA51824129599FD300284F30 /* Project object */;
}
